
Microsoft Visual Studio Solution File, Format Version 12.00
# Visual Studio Version 17
VisualStudioVersion = 17.7.34221.43
MinimumVisualStudioVersion = 10.0.40219.1
Project("{FAE04EC0-301F-11D3-BF4B-00C04F79EFBC}") = "ClassLibraryTesting", "ClassLibraryTesting\ClassLibraryTesting.csproj", "{7E7F3DDA-4856-4F25-9841-8F977F27D6EA}"
EndProject
Project("{FAE04EC0-301F-11D3-BF4B-00C04F79EFBC}") = "SpecFlowTeatingProject", "SpecFlowTeatingProject\SpecFlowTeatingProject.csproj", "{081EDF06-401E-4F69-8755-C3B474927BEA}"
EndProject
Global
	GlobalSection(SolutionConfigurationPlatforms) = preSolution
		Debug|Any CPU = Debug|Any CPU
		Release|Any CPU = Release|Any CPU
	EndGlobalSection
	GlobalSection(ProjectConfigurationPlatforms) = postSolution
		{7E7F3DDA-4856-4F25-9841-8F977F27D6EA}.Debug|Any CPU.ActiveCfg = Debug|Any CPU
		{7E7F3DDA-4856-4F25-9841-8F977F27D6EA}.Debug|Any CPU.Build.0 = Debug|Any CPU
		{7E7F3DDA-4856-4F25-9841-8F977F27D6EA}.Release|Any CPU.ActiveCfg = Release|Any CPU
		{7E7F3DDA-4856-4F25-9841-8F977F27D6EA}.Release|Any CPU.Build.0 = Release|Any CPU
		{081EDF06-401E-4F69-8755-C3B474927BEA}.Debug|Any CPU.ActiveCfg = Debug|Any CPU
		{081EDF06-401E-4F69-8755-C3B474927BEA}.Debug|Any CPU.Build.0 = Debug|Any CPU
		{081EDF06-401E-4F69-8755-C3B474927BEA}.Release|Any CPU.ActiveCfg = Release|Any CPU
		{081EDF06-401E-4F69-8755-C3B474927BEA}.Release|Any CPU.Build.0 = Release|Any CPU
	EndGlobalSection
	GlobalSection(SolutionProperties) = preSolution
		HideSolutionNode = FALSE
	EndGlobalSection
	GlobalSection(ExtensibilityGlobals) = postSolution
		SolutionGuid = {776859DD-5099-486D-9EE9-90E1291F9C7F}
	EndGlobalSection
EndGlobal
